
Microsoft Visual Studio Solution File, Format Version 12.00
# Visual Studio Version 17
VisualStudioVersion = 17.4.33205.214
MinimumVisualStudioVersion = 10.0.40219.1
Project("{FAE04EC0-301F-11D3-BF4B-00C04F79EFBC}") = "Homework_Method_2", "Homework_Method_2\Homework_Method_2.csproj", "{DA6FC937-C7ED-4834-BC1D-18E624B6C199}"
EndProject
Global
	GlobalSection(SolutionConfigurationPlatforms) = preSolution
		Debug|Any CPU = Debug|Any CPU
		Release|Any CPU = Release|Any CPU
	EndGlobalSection
	GlobalSection(ProjectConfigurationPlatforms) = postSolution
		{DA6FC937-C7ED-4834-BC1D-18E624B6C199}.Debug|Any CPU.ActiveCfg = Debug|Any CPU
		{DA6FC937-C7ED-4834-BC1D-18E624B6C199}.Debug|Any CPU.Build.0 = Debug|Any CPU
		{DA6FC937-C7ED-4834-BC1D-18E624B6C199}.Release|Any CPU.ActiveCfg = Release|Any CPU
		{DA6FC937-C7ED-4834-BC1D-18E624B6C199}.Release|Any CPU.Build.0 = Release|Any CPU
	EndGlobalSection
	GlobalSection(SolutionProperties) = preSolution
		HideSolutionNode = FALSE
	EndGlobalSection
	GlobalSection(ExtensibilityGlobals) = postSolution
		SolutionGuid = {EF605AF3-D6BC-4B7C-85CD-392853C9E710}
	EndGlobalSection
EndGlobal
